
Microsoft Visual Studio Solution File, Format Version 12.00
# Visual Studio Version 17
VisualStudioVersion = 17.14.36908.2 d17.14
MinimumVisualStudioVersion = 10.0.40219.1
Project("{FAE04EC0-301F-11D3-BF4B-00C04F79EFBC}") = "HospitalManagementSystem", "HospitalManagementSystem.csproj", "{D5D07027-AD8D-42FC-87E0-8895D96F90AA}"
EndProject
Global
	GlobalSection(SolutionConfigurationPlatforms) = preSolution
		Debug|Any CPU = Debug|Any CPU
		Release|Any CPU = Release|Any CPU
	EndGlobalSection
	GlobalSection(ProjectConfigurationPlatforms) = postSolution
		{D5D07027-AD8D-42FC-87E0-8895D96F90AA}.Debug|Any CPU.ActiveCfg = Debug|Any CPU
		{D5D07027-AD8D-42FC-87E0-8895D96F90AA}.Debug|Any CPU.Build.0 = Debug|Any CPU
		{D5D07027-AD8D-42FC-87E0-8895D96F90AA}.Release|Any CPU.ActiveCfg = Release|Any CPU
		{D5D07027-AD8D-42FC-87E0-8895D96F90AA}.Release|Any CPU.Build.0 = Release|Any CPU
	EndGlobalSection
	GlobalSection(SolutionProperties) = preSolution
		HideSolutionNode = FALSE
	EndGlobalSection
	GlobalSection(ExtensibilityGlobals) = postSolution
		SolutionGuid = {3DA0C3C3-FD39-4952-93EA-6BCF4FFA1E10}
	EndGlobalSection
EndGlobal
